
Microsoft Visual Studio Solution File, Format Version 12.00
# Visual Studio 15
VisualStudioVersion = 15.0.27703.2026
MinimumVisualStudioVersion = 10.0.40219.1
Project("{9A19103F-16F7-4668-BE54-9A1E7A4F7556}") = "FarSolution", "FarSolution\FarSolution.csproj", "{A6E129E8-F94A-4D4D-888A-8B6DFC1676D1}"
EndProject
Project("{FAE04EC0-301F-11D3-BF4B-00C04F79EFBC}") = "Contracts", "Contracts\Contracts.csproj", "{CADCA919-DE83-484B-9922-2A67A2A501EE}"
EndProject
Project("{FAE04EC0-301F-11D3-BF4B-00C04F79EFBC}") = "DataAccess", "DataAccess\DataAccess.csproj", "{D5BFB3BB-0DC1-4F6C-A63A-E076DD5DF9F1}"
EndProject
Project("{FAE04EC0-301F-11D3-BF4B-00C04F79EFBC}") = "DataService", "DataService\DataService.csproj", "{5AE3C4E2-3DAE-4F0E-A1AE-0B183272F662}"
EndProject
Global
	GlobalSection(SolutionConfigurationPlatforms) = preSolution
		Debug|Any CPU = Debug|Any CPU
		Release|Any CPU = Release|Any CPU
	EndGlobalSection
	GlobalSection(ProjectConfigurationPlatforms) = postSolution
		{A6E129E8-F94A-4D4D-888A-8B6DFC1676D1}.Debug|Any CPU.ActiveCfg = Debug|Any CPU
		{A6E129E8-F94A-4D4D-888A-8B6DFC1676D1}.Debug|Any CPU.Build.0 = Debug|Any CPU
		{A6E129E8-F94A-4D4D-888A-8B6DFC1676D1}.Release|Any CPU.ActiveCfg = Release|Any CPU
		{A6E129E8-F94A-4D4D-888A-8B6DFC1676D1}.Release|Any CPU.Build.0 = Release|Any CPU
		{CADCA919-DE83-484B-9922-2A67A2A501EE}.Debug|Any CPU.ActiveCfg = Debug|Any CPU
		{CADCA919-DE83-484B-9922-2A67A2A501EE}.Debug|Any CPU.Build.0 = Debug|Any CPU
		{CADCA919-DE83-484B-9922-2A67A2A501EE}.Release|Any CPU.ActiveCfg = Release|Any CPU
		{CADCA919-DE83-484B-9922-2A67A2A501EE}.Release|Any CPU.Build.0 = Release|Any CPU
		{D5BFB3BB-0DC1-4F6C-A63A-E076DD5DF9F1}.Debug|Any CPU.ActiveCfg = Debug|Any CPU
		{D5BFB3BB-0DC1-4F6C-A63A-E076DD5DF9F1}.Debug|Any CPU.Build.0 = Debug|Any CPU
		{D5BFB3BB-0DC1-4F6C-A63A-E076DD5DF9F1}.Release|Any CPU.ActiveCfg = Release|Any CPU
		{D5BFB3BB-0DC1-4F6C-A63A-E076DD5DF9F1}.Release|Any CPU.Build.0 = Release|Any CPU
		{5AE3C4E2-3DAE-4F0E-A1AE-0B183272F662}.Debug|Any CPU.ActiveCfg = Debug|Any CPU
		{5AE3C4E2-3DAE-4F0E-A1AE-0B183272F662}.Debug|Any CPU.Build.0 = Debug|Any CPU
		{5AE3C4E2-3DAE-4F0E-A1AE-0B183272F662}.Release|Any CPU.ActiveCfg = Release|Any CPU
		{5AE3C4E2-3DAE-4F0E-A1AE-0B183272F662}.Release|Any CPU.Build.0 = Release|Any CPU
	EndGlobalSection
	GlobalSection(SolutionProperties) = preSolution
		HideSolutionNode = FALSE
	EndGlobalSection
	GlobalSection(ExtensibilityGlobals) = postSolution
		SolutionGuid = {5B752136-0A83-48A8-A535-BFEC21EB0FD4}
	EndGlobalSection
EndGlobal
